
Microsoft Visual Studio Solution File, Format Version 12.00
# Visual Studio Version 17
VisualStudioVersion = 17.10.34916.146
MinimumVisualStudioVersion = 10.0.40219.1
Project("{8BC9CEB8-8B4A-11D0-8D11-00A0C91BC942}") = "LabaProjectSinugin", "LabaProjectSinugin\LabaProjectSinugin.vcxproj", "{3F7145C2-EA18-42CE-B53E-AB399653277B}"
EndProject
Global
	GlobalSection(SolutionConfigurationPlatforms) = preSolution
		Debug|x64 = Debug|x64
		Debug|x86 = Debug|x86
		Release|x64 = Release|x64
		Release|x86 = Release|x86
	EndGlobalSection
	GlobalSection(ProjectConfigurationPlatforms) = postSolution
		{3F7145C2-EA18-42CE-B53E-AB399653277B}.Debug|x64.ActiveCfg = Debug|x64
		{3F7145C2-EA18-42CE-B53E-AB399653277B}.Debug|x64.Build.0 = Debug|x64
		{3F7145C2-EA18-42CE-B53E-AB399653277B}.Debug|x86.ActiveCfg = Debug|Win32
		{3F7145C2-EA18-42CE-B53E-AB399653277B}.Debug|x86.Build.0 = Debug|Win32
		{3F7145C2-EA18-42CE-B53E-AB399653277B}.Release|x64.ActiveCfg = Release|x64
		{3F7145C2-EA18-42CE-B53E-AB399653277B}.Release|x64.Build.0 = Release|x64
		{3F7145C2-EA18-42CE-B53E-AB399653277B}.Release|x86.ActiveCfg = Release|Win32
		{3F7145C2-EA18-42CE-B53E-AB399653277B}.Release|x86.Build.0 = Release|Win32
	EndGlobalSection
	GlobalSection(SolutionProperties) = preSolution
		HideSolutionNode = FALSE
	EndGlobalSection
	GlobalSection(ExtensibilityGlobals) = postSolution
		SolutionGuid = {5651F36F-08BA-49D0-BB96-CDF27E16D993}
	EndGlobalSection
EndGlobal
